
Microsoft Visual Studio Solution File, Format Version 12.00
Project("{FAE04EC0-301F-11D3-BF4B-00C04F79EFBC}") = "Stemming", "Stemming\Stemming.csproj", "{58988B8E-55F6-4660-9814-B9764D7EB496}"
EndProject
Project("{FAE04EC0-301F-11D3-BF4B-00C04F79EFBC}") = "TestProject1", "TestProject1\TestProject1.csproj", "{6E4C1C8B-24B2-48F7-87FD-D339BE8AD8E4}"
EndProject
Global
	GlobalSection(SolutionConfigurationPlatforms) = preSolution
		Debug|Any CPU = Debug|Any CPU
		Release|Any CPU = Release|Any CPU
	EndGlobalSection
	GlobalSection(ProjectConfigurationPlatforms) = postSolution
		{58988B8E-55F6-4660-9814-B9764D7EB496}.Debug|Any CPU.ActiveCfg = Debug|Any CPU
		{58988B8E-55F6-4660-9814-B9764D7EB496}.Debug|Any CPU.Build.0 = Debug|Any CPU
		{58988B8E-55F6-4660-9814-B9764D7EB496}.Release|Any CPU.ActiveCfg = Release|Any CPU
		{58988B8E-55F6-4660-9814-B9764D7EB496}.Release|Any CPU.Build.0 = Release|Any CPU
		{6E4C1C8B-24B2-48F7-87FD-D339BE8AD8E4}.Debug|Any CPU.ActiveCfg = Debug|Any CPU
		{6E4C1C8B-24B2-48F7-87FD-D339BE8AD8E4}.Debug|Any CPU.Build.0 = Debug|Any CPU
		{6E4C1C8B-24B2-48F7-87FD-D339BE8AD8E4}.Release|Any CPU.ActiveCfg = Release|Any CPU
		{6E4C1C8B-24B2-48F7-87FD-D339BE8AD8E4}.Release|Any CPU.Build.0 = Release|Any CPU
	EndGlobalSection
EndGlobal
